
Microsoft Visual Studio Solution File, Format Version 12.00
# Visual Studio Version 16
VisualStudioVersion = 16.0.31205.134
MinimumVisualStudioVersion = 10.0.40219.1
Project("{FAE04EC0-301F-11D3-BF4B-00C04F79EFBC}") = "MockIConfigurationForTesting", "MockIConfigurationForTesting\MockIConfigurationForTesting.csproj", "{E4437C37-9562-4768-9A31-36C9FDE4C654}"
EndProject
Project("{FAE04EC0-301F-11D3-BF4B-00C04F79EFBC}") = "MockIConfigurationForTestingTest", "MockIConfigurationForTestingTest\MockIConfigurationForTestingTest.csproj", "{BCD008E6-7735-4F41-A06D-79BAC30E7646}"
	ProjectSection(ProjectDependencies) = postProject
		{E4437C37-9562-4768-9A31-36C9FDE4C654} = {E4437C37-9562-4768-9A31-36C9FDE4C654}
	EndProjectSection
EndProject
Global
	GlobalSection(SolutionConfigurationPlatforms) = preSolution
		Debug|Any CPU = Debug|Any CPU
		Release|Any CPU = Release|Any CPU
	EndGlobalSection
	GlobalSection(ProjectConfigurationPlatforms) = postSolution
		{E4437C37-9562-4768-9A31-36C9FDE4C654}.Debug|Any CPU.ActiveCfg = Debug|Any CPU
		{E4437C37-9562-4768-9A31-36C9FDE4C654}.Debug|Any CPU.Build.0 = Debug|Any CPU
		{E4437C37-9562-4768-9A31-36C9FDE4C654}.Release|Any CPU.ActiveCfg = Release|Any CPU
		{E4437C37-9562-4768-9A31-36C9FDE4C654}.Release|Any CPU.Build.0 = Release|Any CPU
		{BCD008E6-7735-4F41-A06D-79BAC30E7646}.Debug|Any CPU.ActiveCfg = Debug|Any CPU
		{BCD008E6-7735-4F41-A06D-79BAC30E7646}.Debug|Any CPU.Build.0 = Debug|Any CPU
		{BCD008E6-7735-4F41-A06D-79BAC30E7646}.Release|Any CPU.ActiveCfg = Release|Any CPU
		{BCD008E6-7735-4F41-A06D-79BAC30E7646}.Release|Any CPU.Build.0 = Release|Any CPU
	EndGlobalSection
	GlobalSection(SolutionProperties) = preSolution
		HideSolutionNode = FALSE
	EndGlobalSection
	GlobalSection(ExtensibilityGlobals) = postSolution
		SolutionGuid = {2DBF6403-AB59-46C5-B3BF-5189A042E415}
	EndGlobalSection
EndGlobal
